
Microsoft Visual Studio Solution File, Format Version 12.00
# Visual Studio Version 16
VisualStudioVersion = 16.0.31005.135
MinimumVisualStudioVersion = 10.0.40219.1
Project("{FAE04EC0-301F-11D3-BF4B-00C04F79EFBC}") = "Exercício", "Exercício\Exercício.csproj", "{6592344E-6227-4D00-BFC0-8F9296A7F814}"
EndProject
Global
	GlobalSection(SolutionConfigurationPlatforms) = preSolution
		Debug|Any CPU = Debug|Any CPU
		Release|Any CPU = Release|Any CPU
	EndGlobalSection
	GlobalSection(ProjectConfigurationPlatforms) = postSolution
		{6592344E-6227-4D00-BFC0-8F9296A7F814}.Debug|Any CPU.ActiveCfg = Debug|Any CPU
		{6592344E-6227-4D00-BFC0-8F9296A7F814}.Debug|Any CPU.Build.0 = Debug|Any CPU
		{6592344E-6227-4D00-BFC0-8F9296A7F814}.Release|Any CPU.ActiveCfg = Release|Any CPU
		{6592344E-6227-4D00-BFC0-8F9296A7F814}.Release|Any CPU.Build.0 = Release|Any CPU
	EndGlobalSection
	GlobalSection(SolutionProperties) = preSolution
		HideSolutionNode = FALSE
	EndGlobalSection
	GlobalSection(ExtensibilityGlobals) = postSolution
		SolutionGuid = {F99AE798-C098-42FD-95EC-E5DA194518DA}
	EndGlobalSection
EndGlobal
